
Microsoft Visual Studio Solution File, Format Version 11.00
# Visual Studio 2010
Project("{FAE04EC0-301F-11D3-BF4B-00C04F79EFBC}") = "Ex1", "Ex1\Ex1.csproj", "{D19E58B3-871F-4CE9-80CB-1371590A36B6}"
EndProject
Project("{FAE04EC0-301F-11D3-BF4B-00C04F79EFBC}") = "Ex2", "Ex2\Ex2.csproj", "{92E8F8E6-E8B7-4F4F-BB2E-81F339124DE9}"
EndProject
Project("{FAE04EC0-301F-11D3-BF4B-00C04F79EFBC}") = "Ex3", "Ex3\Ex3.csproj", "{8096E94A-8AF4-447F-A4B6-DD59252BF156}"
EndProject
Project("{FAE04EC0-301F-11D3-BF4B-00C04F79EFBC}") = "Ex4", "Ex4\Ex4.csproj", "{12DD133B-4745-4535-B9FC-A95C941C3519}"
EndProject
Project("{FAE04EC0-301F-11D3-BF4B-00C04F79EFBC}") = "Ex5", "Ex5\Ex5.csproj", "{9AC595F8-E320-4F3D-B791-E06AC4BD0C23}"
EndProject
Project("{FAE04EC0-301F-11D3-BF4B-00C04F79EFBC}") = "Ex6", "Ex6\Ex6.csproj", "{DF5CB20E-97E4-4DBF-8CC5-C44DFEE8351F}"
EndProject
Project("{FAE04EC0-301F-11D3-BF4B-00C04F79EFBC}") = "Ex7", "Ex7\Ex7.csproj", "{0CDCE0CB-61B8-4A65-BCFF-6D9616560488}"
EndProject
Project("{FAE04EC0-301F-11D3-BF4B-00C04F79EFBC}") = "Ex8", "Ex8\Ex8.csproj", "{A6029C3E-B207-4661-B90F-163F394A9556}"
EndProject
Project("{FAE04EC0-301F-11D3-BF4B-00C04F79EFBC}") = "Ex9", "Ex9\Ex9.csproj", "{2528BC80-28E7-4234-A094-59DE79AA9499}"
EndProject
Project("{FAE04EC0-301F-11D3-BF4B-00C04F79EFBC}") = "Ex91", "Ex91\Ex91.csproj", "{D10C7284-AE37-4983-A603-1009FD74BAE8}"
EndProject
Project("{FAE04EC0-301F-11D3-BF4B-00C04F79EFBC}") = "Ex92", "Ex92\Ex92.csproj", "{8EAD4D8E-AD99-42EE-9523-6976D7C29D7B}"
EndProject
Project("{FAE04EC0-301F-11D3-BF4B-00C04F79EFBC}") = "Ex93", "Ex93\Ex93.csproj", "{91354E9E-029A-48B0-91D1-F50E111A7758}"
EndProject
Project("{FAE04EC0-301F-11D3-BF4B-00C04F79EFBC}") = "Ex94", "Ex94\Ex94.csproj", "{4227E915-C13D-4877-9AF1-1415F1E52186}"
EndProject
Global
	GlobalSection(SolutionConfigurationPlatforms) = preSolution
		Debug|x86 = Debug|x86
		Release|x86 = Release|x86
	EndGlobalSection
	GlobalSection(ProjectConfigurationPlatforms) = postSolution
		{D19E58B3-871F-4CE9-80CB-1371590A36B6}.Debug|x86.ActiveCfg = Debug|x86
		{D19E58B3-871F-4CE9-80CB-1371590A36B6}.Debug|x86.Build.0 = Debug|x86
		{D19E58B3-871F-4CE9-80CB-1371590A36B6}.Release|x86.ActiveCfg = Release|x86
		{D19E58B3-871F-4CE9-80CB-1371590A36B6}.Release|x86.Build.0 = Release|x86
		{92E8F8E6-E8B7-4F4F-BB2E-81F339124DE9}.Debug|x86.ActiveCfg = Debug|x86
		{92E8F8E6-E8B7-4F4F-BB2E-81F339124DE9}.Debug|x86.Build.0 = Debug|x86
		{92E8F8E6-E8B7-4F4F-BB2E-81F339124DE9}.Release|x86.ActiveCfg = Release|x86
		{92E8F8E6-E8B7-4F4F-BB2E-81F339124DE9}.Release|x86.Build.0 = Release|x86
		{8096E94A-8AF4-447F-A4B6-DD59252BF156}.Debug|x86.ActiveCfg = Debug|x86
		{8096E94A-8AF4-447F-A4B6-DD59252BF156}.Debug|x86.Build.0 = Debug|x86
		{8096E94A-8AF4-447F-A4B6-DD59252BF156}.Release|x86.ActiveCfg = Release|x86
		{8096E94A-8AF4-447F-A4B6-DD59252BF156}.Release|x86.Build.0 = Release|x86
		{12DD133B-4745-4535-B9FC-A95C941C3519}.Debug|x86.ActiveCfg = Debug|x86
		{12DD133B-4745-4535-B9FC-A95C941C3519}.Debug|x86.Build.0 = Debug|x86
		{12DD133B-4745-4535-B9FC-A95C941C3519}.Release|x86.ActiveCfg = Release|x86
		{12DD133B-4745-4535-B9FC-A95C941C3519}.Release|x86.Build.0 = Release|x86
		{9AC595F8-E320-4F3D-B791-E06AC4BD0C23}.Debug|x86.ActiveCfg = Debug|x86
		{9AC595F8-E320-4F3D-B791-E06AC4BD0C23}.Debug|x86.Build.0 = Debug|x86
		{9AC595F8-E320-4F3D-B791-E06AC4BD0C23}.Release|x86.ActiveCfg = Release|x86
		{9AC595F8-E320-4F3D-B791-E06AC4BD0C23}.Release|x86.Build.0 = Release|x86
		{DF5CB20E-97E4-4DBF-8CC5-C44DFEE8351F}.Debug|x86.ActiveCfg = Debug|x86
		{DF5CB20E-97E4-4DBF-8CC5-C44DFEE8351F}.Debug|x86.Build.0 = Debug|x86
		{DF5CB20E-97E4-4DBF-8CC5-C44DFEE8351F}.Release|x86.ActiveCfg = Release|x86
		{DF5CB20E-97E4-4DBF-8CC5-C44DFEE8351F}.Release|x86.Build.0 = Release|x86
		{0CDCE0CB-61B8-4A65-BCFF-6D9616560488}.Debug|x86.ActiveCfg = Debug|x86
		{0CDCE0CB-61B8-4A65-BCFF-6D9616560488}.Debug|x86.Build.0 = Debug|x86
		{0CDCE0CB-61B8-4A65-BCFF-6D9616560488}.Release|x86.ActiveCfg = Release|x86
		{0CDCE0CB-61B8-4A65-BCFF-6D9616560488}.Release|x86.Build.0 = Release|x86
		{A6029C3E-B207-4661-B90F-163F394A9556}.Debug|x86.ActiveCfg = Debug|x86
		{A6029C3E-B207-4661-B90F-163F394A9556}.Debug|x86.Build.0 = Debug|x86
		{A6029C3E-B207-4661-B90F-163F394A9556}.Release|x86.ActiveCfg = Release|x86
		{A6029C3E-B207-4661-B90F-163F394A9556}.Release|x86.Build.0 = Release|x86
		{2528BC80-28E7-4234-A094-59DE79AA9499}.Debug|x86.ActiveCfg = Debug|x86
		{2528BC80-28E7-4234-A094-59DE79AA9499}.Debug|x86.Build.0 = Debug|x86
		{2528BC80-28E7-4234-A094-59DE79AA9499}.Release|x86.ActiveCfg = Release|x86
		{2528BC80-28E7-4234-A094-59DE79AA9499}.Release|x86.Build.0 = Release|x86
		{D10C7284-AE37-4983-A603-1009FD74BAE8}.Debug|x86.ActiveCfg = Debug|x86
		{D10C7284-AE37-4983-A603-1009FD74BAE8}.Debug|x86.Build.0 = Debug|x86
		{D10C7284-AE37-4983-A603-1009FD74BAE8}.Release|x86.ActiveCfg = Release|x86
		{D10C7284-AE37-4983-A603-1009FD74BAE8}.Release|x86.Build.0 = Release|x86
		{8EAD4D8E-AD99-42EE-9523-6976D7C29D7B}.Debug|x86.ActiveCfg = Debug|x86
		{8EAD4D8E-AD99-42EE-9523-6976D7C29D7B}.Debug|x86.Build.0 = Debug|x86
		{8EAD4D8E-AD99-42EE-9523-6976D7C29D7B}.Release|x86.ActiveCfg = Release|x86
		{8EAD4D8E-AD99-42EE-9523-6976D7C29D7B}.Release|x86.Build.0 = Release|x86
		{91354E9E-029A-48B0-91D1-F50E111A7758}.Debug|x86.ActiveCfg = Debug|x86
		{91354E9E-029A-48B0-91D1-F50E111A7758}.Debug|x86.Build.0 = Debug|x86
		{91354E9E-029A-48B0-91D1-F50E111A7758}.Release|x86.ActiveCfg = Release|x86
		{91354E9E-029A-48B0-91D1-F50E111A7758}.Release|x86.Build.0 = Release|x86
		{4227E915-C13D-4877-9AF1-1415F1E52186}.Debug|x86.ActiveCfg = Debug|x86
		{4227E915-C13D-4877-9AF1-1415F1E52186}.Debug|x86.Build.0 = Debug|x86
		{4227E915-C13D-4877-9AF1-1415F1E52186}.Release|x86.ActiveCfg = Release|x86
		{4227E915-C13D-4877-9AF1-1415F1E52186}.Release|x86.Build.0 = Release|x86
	EndGlobalSection
	GlobalSection(SolutionProperties) = preSolution
		HideSolutionNode = FALSE
	EndGlobalSection
EndGlobal
